
Microsoft Visual Studio Solution File, Format Version 12.00
# Visual Studio Version 17
VisualStudioVersion = 17.14.36221.1 d17.14
MinimumVisualStudioVersion = 10.0.40219.1
Project("{FAE04EC0-301F-11D3-BF4B-00C04F79EFBC}") = "TitanTechnologyView", "TitanTechnologyView\TitanTechnologyView.csproj", "{A2617E45-7A15-440E-9B22-D4BD1F3AF10C}"
EndProject
Global
	GlobalSection(SolutionConfigurationPlatforms) = preSolution
		Debug|Any CPU = Debug|Any CPU
		Release|Any CPU = Release|Any CPU
	EndGlobalSection
	GlobalSection(ProjectConfigurationPlatforms) = postSolution
		{A2617E45-7A15-440E-9B22-D4BD1F3AF10C}.Debug|Any CPU.ActiveCfg = Debug|Any CPU
		{A2617E45-7A15-440E-9B22-D4BD1F3AF10C}.Debug|Any CPU.Build.0 = Debug|Any CPU
		{A2617E45-7A15-440E-9B22-D4BD1F3AF10C}.Release|Any CPU.ActiveCfg = Release|Any CPU
		{A2617E45-7A15-440E-9B22-D4BD1F3AF10C}.Release|Any CPU.Build.0 = Release|Any CPU
	EndGlobalSection
	GlobalSection(SolutionProperties) = preSolution
		HideSolutionNode = FALSE
	EndGlobalSection
	GlobalSection(ExtensibilityGlobals) = postSolution
		SolutionGuid = {CD04190C-DDE0-433D-A174-206DE2E53CF9}
	EndGlobalSection
EndGlobal
